// !$*UTF8*$!
{
	archiveVersion = 1;
	classes = {
	};
	objectVersion = 50;
	objects = {

/* Begin PBXBuildFile section */
		BA7B3B3424A5E02B00173021 /* AppDelegate.swift in Sources */ = {isa = PBXBuildFile; fileRef = BA7B3B3324A5E02B00173021 /* AppDelegate.swift */; };
		BA7B3B3624A5E02B00173021 /* SceneDelegate.swift in Sources */ = {isa = PBXBuildFile; fileRef = BA7B3B3524A5E02B00173021 /* SceneDelegate.swift */; };
		BA7B3B3824A5E02B00173021 /* ViewController.swift in Sources */ = {isa = PBXBuildFile; fileRef = BA7B3B3724A5E02B00173021 /* ViewController.swift */; };
		BA7B3B3B24A5E02B00173021 /* Main.storyboard in Resources */ = {isa = PBXBuildFile; fileRef = BA7B3B3924A5E02B00173021 /* Main.storyboard */; };
		BA7B3B3E24A5E02B00173021 /* Light.xcdatamodeld in Sources */ = {isa = PBXBuildFile; fileRef = BA7B3B3C24A5E02B00173021 /* Light.xcdatamodeld */; };
		BA7B3B4024A5E02E00173021 /* Assets.xcassets in Resources */ = {isa = PBXBuildFile; fileRef = BA7B3B3F24A5E02E00173021 /* Assets.xcassets */; };
		BA7B3B4324A5E02E00173021 /* LaunchScreen.storyboard in Resources */ = {isa = PBXBuildFile; fileRef = BA7B3B4124A5E02E00173021 /* LaunchScreen.storyboard */; };
/* End PBXBuildFile section */

/* Begin PBXFileReference section */
		BA7B3B3024A5E02B00173021 /* Light.app */ = {isa = PBXFileReference; explicitFileType = wrapper.application; includeInIndex = 0; path = Light.app; sourceTree = BUILT_PRODUCTS_DIR; };
		BA7B3B3324A5E02B00173021 /* AppDelegate.swift */ = {isa = PBXFileReference; lastKnownFileType = sourcecode.swift; path = AppDelegate.swift; sourceTree = "<group>"; };
		BA7B3B3524A5E02B00173021 /* SceneDelegate.swift */ = {isa = PBXFileReference; lastKnownFileType = sourcecode.swift; path = SceneDelegate.swift; sourceTree = "<group>"; };
		BA7B3B3724A5E02B00173021 /* ViewController.swift */ = {isa = PBXFileReference; lastKnownFileType = sourcecode.swift; path = ViewController.swift; sourceTree = "<group>"; };
		BA7B3B3A24A5E02B00173021 /* Base */ = {isa = PBXFileReference; lastKnownFileType = file.storyboard; name = Base; path = Base.lproj/Main.storyboard; sourceTree = "<group>"; };
		BA7B3B3D24A5E02B00173021 /* Light.xcdatamodel */ = {isa = PBXFileReference; lastKnownFileType = wrapper.xcdatamodel; path = Light.xcdatamodel; sourceTree = "<group>"; };
		BA7B3B3F24A5E02E00173021 /* Assets.xcassets */ = {isa = PBXFileReference; lastKnownFileType = folder.assetcatalog; path = Assets.xcassets; sourceTree = "<group>"; };
		BA7B3B4224A5E02E00173021 /* Base */ = {isa = PBXFileReference; lastKnownFileType = file.storyboard; name = Base; path = Base.lproj/LaunchScreen.storyboard; sourceTree = "<group>"; };
		BA7B3B4424A5E02E00173021 /* Info.plist */ = {isa = PBXFileReference; lastKnownFileType = text.plist.xml; path = Info.plist; sourceTree = "<group>"; };
/* End PBXFileReference section */

/* Begin PBXFrameworksBuildPhase section */
		BA7B3B2D24A5E02B00173021 /* Frameworks */ = {
			isa = PBXFrameworksBuildPhase;
			buildActionMask = 2147483647;
			files = (
			);
			runOnlyForDeploymentPostprocessing = 0;
		};
/* End PBXFrameworksBuildPhase section */

/* Begin PBXGroup section */
		BA7B3B2724A5E02B00173021 = {
			isa = PBXGroup;
			children = (
				BA7B3B3224A5E02B00173021 /* Light */,
				BA7B3B3124A5E02B00173021 /* Products */,
			);
			sourceTree = "<group>";
		};
		BA7B3B3124A5E02B00173021 /* Products */ = {
			isa = PBXGroup;
			children = (
				BA7B3B3024A5E02B00173021 /* Light.app */,
			);
			name = Products;
			sourceTree = "<group>";
		};
		BA7B3B3224A5E02B00173021 /* Light */ = {
			isa = PBXGroup;
			children = (
				BA7B3B3324A5E02B00173021 /* AppDelegate.swift */,
				BA7B3B3524A5E02B00173021 /* SceneDelegate.swift */,
				BA7B3B3724A5E02B00173021 /* ViewController.swift */,
				BA7B3B3924A5E02B00173021 /* Main.storyboard */,
				BA7B3B3F24A5E02E00173021 /* Assets.xcassets */,
				BA7B3B4124A5E02E00173021 /* LaunchScreen.storyboard */,
				BA7B3B4424A5E02E00173021 /* Info.plist */,
				BA7B3B3C24A5E02B00173021 /* Light.xcdatamodeld */,
			);
			path = Light;
			sourceTree = "<group>";
		};
/* End PBXGroup section */

/* Begin PBXNativeTarget section */
		BA7B3B2F24A5E02B00173021 /* Light */ = {
			isa = PBXNativeTarget;
			buildConfigurationList = BA7B3B4724A5E02E00173021 /* Build configuration list for PBXNativeTarget "Light" */;
			buildPhases = (
				BA7B3B2C24A5E02B00173021 /* Sources */,
				BA7B3B2D24A5E02B00173021 /* Frameworks */,
				BA7B3B2E24A5E02B00173021 /* Resources */,
			);
			buildRules = (
			);
			dependencies = (
			);
			name = Light;
			productName = Light;
			productReference = BA7B3B3024A5E02B00173021 /* Light.app */;
			productType = "com.apple.product-type.application";
		};
/* End PBXNativeTarget section */

/* Begin PBXProject section */
		BA7B3B2824A5E02B00173021 /* Project object */ = {
			isa = PBXProject;
			attributes = {
				LastSwiftUpdateCheck = 1150;
				LastUpgradeCheck = 1150;
				ORGANIZATIONNAME = Walker_MAC;
				TargetAttributes = {
					BA7B3B2F24A5E02B00173021 = {
						CreatedOnToolsVersion = 11.5;
					};
				};
			};
			buildConfigurationList = BA7B3B2B24A5E02B00173021 /* Build configuration list for PBXProject "Light" */;
			compatibilityVersion = "Xcode 9.3";
			developmentRegion = en;
			hasScannedForEncodings = 0;
			knownRegions = (
				en,
				Base,
			);
			mainGroup = BA7B3B2724A5E02B00173021;
			productRefGroup = BA7B3B3124A5E02B00173021 /* Products */;
			projectDirPath = "";
			projectRoot = "";
			targets = (
				BA7B3B2F24A5E02B00173021 /* Light */,
			);
		};
/* End PBXProject section */

/* Begin PBXResourcesBuildPhase section */
		BA7B3B2E24A5E02B00173021 /* Resources */ = {
			isa = PBXResourcesBuildPhase;
			buildActionMask = 2147483647;
			files = (
				BA7B3B4324A5E02E00173021 /* LaunchScreen.storyboard in Resources */,
				BA7B3B4024A5E02E00173021 /* Assets.xcassets in Resources */,
				BA7B3B3B24A5E02B00173021 /* Main.storyboard in Resources */,
			);
			runOnlyForDeploymentPostprocessing = 0;
		};
/* End PBXResourcesBuildPhase section */

/* Begin PBXSourcesBuildPhase section */
		BA7B3B2C24A5E02B00173021 /* Sources */ = {
			isa = PBXSourcesBuildPhase;
			buildActionMask = 2147483647;
			files = (
				BA7B3B3824A5E02B00173021 /* ViewController.swift in Sources */,
				BA7B3B3424A5E02B00173021 /* AppDelegate.swift in Sources */,
				BA7B3B3E24A5E02B00173021 /* Light.xcdatamodeld in Sources */,
				BA7B3B3624A5E02B00173021 /* SceneDelegate.swift in Sources */,
			);
			runOnlyForDeploymentPostprocessing = 0;
		};
/* End PBXSourcesBuildPhase section */

/* Begin PBXVariantGroup section */
		BA7B3B3924A5E02B00173021 /* Main.storyboard */ = {
			isa = PBXVariantGroup;
			children = (
				BA7B3B3A24A5E02B00173021 /* Base */,
			);
			name = Main.storyboard;
			sourceTree = "<group>";
		};
		BA7B3B4124A5E02E00173021 /* LaunchScreen.storyboard */ = {
			isa = PBXVariantGroup;
			children = (
				BA7B3B4224A5E02E00173021 /* Base */,
			);
			name = LaunchScreen.storyboard;
			sourceTree = "<group>";
		};
/* End PBXVariantGroup section */

/* Begin XCBuildConfiguration section */
		BA7B3B4524A5E02E00173021 /* Debug */ = {
			isa = XCBuildConfiguration;
			buildSettings = {
				ALWAYS_SEARCH_USER_PATHS = NO;
				CLANG_ANALYZER_NONNULL = YES;
				CLANG_ANALYZER_NUMBER_OBJECT_CONVERSION = YES_AGGRESSIVE;
				CLANG_CXX_LANGUAGE_STANDARD = "gnu++14";
				CLANG_CXX_LIBRARY = "libc++";
				CLANG_ENABLE_MODULES = YES;
				CLANG_ENABLE_OBJC_ARC = YES;
				CLANG_ENABLE_OBJC_WEAK = YES;
				CLANG_WARN_BLOCK_CAPTURE_AUTORELEASING = YES;
				CLANG_WARN_BOOL_CONVERSION = YES;
				CLANG_WARN_COMMA = YES;
				CLANG_WARN_CONSTANT_CONVERSION = YES;
				CLANG_WARN_DEPRECATED_OBJC_IMPLEMENTATIONS = YES;
				CLANG_WARN_DIRECT_OBJC_ISA_USAGE = YES_ERROR;
				CLANG_WARN_DOCUMENTATION_COMMENTS = YES;
				CLANG_WARN_EMPTY_BODY = YES;
				CLANG_WARN_ENUM_CONVERSION = YES;
				CLANG_WARN_INFINITE_RECURSION = YES;
				CLANG_WARN_INT_CONVERSION = YES;
				CLANG_WARN_NON_LITERAL_NULL_CONVERSION = YES;
				CLANG_WARN_OBJC_IMPLICIT_RETAIN_SELF = YES;
				CLANG_WARN_OBJC_LITERAL_CONVERSION = YES;
				CLANG_WARN_OBJC_ROOT_CLASS = YES_ERROR;
				CLANG_WARN_RANGE_LOOP_ANALYSIS = YES;
				CLANG_WARN_STRICT_PROTOTYPES = YES;
				CLANG_WARN_SUSPICIOUS_MOVE = YES;
				CLANG_WARN_UNGUARDED_AVAILABILITY = YES_AGGRESSIVE;
				CLANG_WARN_UNREACHABLE_CODE = YES;
				CLANG_WARN__DUPLICATE_METHOD_MATCH = YES;
				COPY_PHASE_STRIP = NO;
				DEBUG_INFORMATION_FORMAT = dwarf;
				ENABLE_STRICT_OBJC_MSGSEND = YES;
				ENABLE_TESTABILITY = YES;
				GCC_C_LANGUAGE_STANDARD = gnu11;
				GCC_DYNAMIC_NO_PIC = NO;
				GCC_NO_COMMON_BLOCKS = YES;
				GCC_OPTIMIZATION_LEVEL = 0;
				GCC_PREPROCESSOR_DEFINITIONS = (
					"DEBUG=1",
					"$(inherited)",
				);
				GCC_WARN_64_TO_32_BIT_CONVERSION = YES;
				GCC_WARN_ABOUT_RETURN_TYPE = YES_ERROR;
				GCC_WARN_UNDECLARED_SELECTOR = YES;
				GCC_WARN_UNINITIALIZED_AUTOS = YES_AGGRESSIVE;
				GCC_WARN_UNUSED_FUNCTION = YES;
				GCC_WARN_UNUSED_VARIABLE = YES;
				IPHONEOS_DEPLOYMENT_TARGET = 13.5;
				MTL_ENABLE_DEBUG_INFO = INCLUDE_SOURCE;
				MTL_FAST_MATH = YES;
				ONLY_ACTIVE_ARCH = YES;
				SDKROOT = iphoneos;
				SWIFT_ACTIVE_COMPILATION_CONDITIONS = DEBUG;
				SWIFT_OPTIMIZATION_LEVEL = "-Onone";
			};
			name = Debug;
		};
		BA7B3B4624A5E02E00173021 /* Release */ = {
			isa = XCBuildConfiguration;
			buildSettings = {
				ALWAYS_SEARCH_USER_PATHS = NO;
				CLANG_ANALYZER_NONNULL = YES;
				CLANG_ANALYZER_NUMBER_OBJECT_CONVERSION = YES_AGGRESSIVE;
				CLANG_CXX_LANGUAGE_STANDARD = "gnu++14";
				CLANG_CXX_LIBRARY = "libc++";
				CLANG_ENABLE_MODULES = YES;
				CLANG_ENABLE_OBJC_ARC = YES;
				CLANG_ENABLE_OBJC_WEAK = YES;
				CLANG_WARN_BLOCK_CAPTURE_AUTORELEASING = YES;
				CLANG_WARN_BOOL_CONVERSION = YES;
				CLANG_WARN_COMMA = YES;
				CLANG_WARN_CONSTANT_CONVERSION = YES;
				CLANG_WARN_DEPRECATED_OBJC_IMPLEMENTATIONS = YES;
				CLANG_WARN_DIRECT_OBJC_ISA_USAGE = YES_ERROR;
				CLANG_WARN_DOCUMENTATION_COMMENTS = YES;
				CLANG_WARN_EMPTY_BODY = YES;
				CLANG_WARN_ENUM_CONVERSION = YES;
				CLANG_WARN_INFINITE_RECURSION = YES;
				CLANG_WARN_INT_CONVERSION = YES;
				CLANG_WARN_NON_LITERAL_NULL_CONVERSION = YES;
				CLANG_WARN_OBJC_IMPLICIT_RETAIN_SELF = YES;
				CLANG_WARN_OBJC_LITERAL_CONVERSION = YES;
				CLANG_WARN_OBJC_ROOT_CLASS = YES_ERROR;
				CLANG_WARN_RANGE_LOOP_ANALYSIS = YES;
				CLANG_WARN_STRICT_PROTOTYPES = YES;
				CLANG_WARN_SUSPICIOUS_MOVE = YES;
				CLANG_WARN_UNGUARDED_AVAILABILITY = YES_AGGRESSIVE;
				CLANG_WARN_UNREACHABLE_CODE = YES;
				CLANG_WARN__DUPLICATE_METHOD_MATCH = YES;
				COPY_PHASE_STRIP = NO;
				DEBUG_INFORMATION_FORMAT = "dwarf-with-dsym";
				ENABLE_NS_ASSERTIONS = NO;
				ENABLE_STRICT_OBJC_MSGSEND = YES;
				GCC_C_LANGUAGE_STANDARD = gnu11;
				GCC_NO_COMMON_BLOCKS = YES;
				GCC_WARN_64_TO_32_BIT_CONVERSION = YES;
				GCC_WARN_ABOUT_RETURN_TYPE = YES_ERROR;
				GCC_WARN_UNDECLARED_SELECTOR = YES;
				GCC_WARN_UNINITIALIZED_AUTOS = YES_AGGRESSIVE;
				GCC_WARN_UNUSED_FUNCTION = YES;
				GCC_WARN_UNUSED_VARIABLE = YES;
				IPHONEOS_DEPLOYMENT_TARGET = 13.5;
				MTL_ENABLE_DEBUG_INFO = NO;
				MTL_FAST_MATH = YES;
				SDKROOT = iphoneos;
				SWIFT_COMPILATION_MODE = wholemodule;
				SWIFT_OPTIMIZATION_LEVEL = "-O";
				VALIDATE_PRODUCT = YES;
			};
			name = Release;
		};
		BA7B3B4824A5E02E00173021 /* Debug */ = {
			isa = XCBuildConfiguration;
			buildSettings = {
				ASSETCATALOG_COMPILER_APPICON_NAME = AppIcon;
				CODE_SIGN_STYLE = Automatic;
				DEVELOPMENT_TEAM = AV4H844LGN;
				INFOPLIST_FILE = Light/Info.plist;
				LD_RUNPATH_SEARCH_PATHS = (
					"$(inherited)",
					"@executable_path/Frameworks",
				);
				PRODUCT_BUNDLE_IDENTIFIER = com.walker.Light;
				PRODUCT_NAME = "$(TARGET_NAME)";
				SWIFT_VERSION = 5.0;
				TARGETED_DEVICE_FAMILY = "1,2";
			};
			name = Debug;
		};
		BA7B3B4924A5E02E00173021 /* Release */ = {
			isa = XCBuildConfiguration;
			buildSettings = {
				ASSETCATALOG_COMPILER_APPICON_NAME = AppIcon;
				CODE_SIGN_STYLE = Automatic;
				DEVELOPMENT_TEAM = AV4H844LGN;
				INFOPLIST_FILE = Light/Info.plist;
				LD_RUNPATH_SEARCH_PATHS = (
					"$(inherited)",
					"@executable_path/Frameworks",
				);
				PRODUCT_BUNDLE_IDENTIFIER = com.walker.Light;
				PRODUCT_NAME = "$(TARGET_NAME)";
				SWIFT_VERSION = 5.0;
				TARGETED_DEVICE_FAMILY = "1,2";
			};
			name = Release;
		};
/* End XCBuildConfiguration section */

/* Begin XCConfigurationList section */
		BA7B3B2B24A5E02B00173021 /* Build configuration list for PBXProject "Light" */ = {
			isa = XCConfigurationList;
			buildConfigurations = (
				BA7B3B4524A5E02E00173021 /* Debug */,
				BA7B3B4624A5E02E00173021 /* Release */,
			);
			defaultConfigurationIsVisible = 0;
			defaultConfigurationName = Release;
		};
		BA7B3B4724A5E02E00173021 /* Build configuration list for PBXNativeTarget "Light" */ = {
			isa = XCConfigurationList;
			buildConfigurations = (
				BA7B3B4824A5E02E00173021 /* Debug */,
				BA7B3B4924A5E02E00173021 /* Release */,
			);
			defaultConfigurationIsVisible = 0;
			defaultConfigurationName = Release;
		};
/* End XCConfigurationList section */

/* Begin XCVersionGroup section */
		BA7B3B3C24A5E02B00173021 /* Light.xcdatamodeld */ = {
			isa = XCVersionGroup;
			children = (
				BA7B3B3D24A5E02B00173021 /* Light.xcdatamodel */,
			);
			currentVersion = BA7B3B3D24A5E02B00173021 /* Light.xcdatamodel */;
			path = Light.xcdatamodeld;
			sourceTree = "<group>";
			versionGroupType = wrapper.xcdatamodel;
		};
/* End XCVersionGroup section */
	};
	rootObject = BA7B3B2824A5E02B00173021 /* Project object */;
}
